
Microsoft Visual Studio Solution File, Format Version 12.00
# Visual Studio 15
VisualStudioVersion = 15.0.28010.2048
MinimumVisualStudioVersion = 10.0.40219.1
Project("{FAE04EC0-301F-11D3-BF4B-00C04F79EFBC}") = "Vidly", "Vidly\Vidly.csproj", "{7626382A-541D-4D2B-844C-C7C357D5163F}"
EndProject
Global
	GlobalSection(SolutionConfigurationPlatforms) = preSolution
		Debug|Any CPU = Debug|Any CPU
		Release|Any CPU = Release|Any CPU
	EndGlobalSection
	GlobalSection(ProjectConfigurationPlatforms) = postSolution
		{7626382A-541D-4D2B-844C-C7C357D5163F}.Debug|Any CPU.ActiveCfg = Debug|Any CPU
		{7626382A-541D-4D2B-844C-C7C357D5163F}.Debug|Any CPU.Build.0 = Debug|Any CPU
		{7626382A-541D-4D2B-844C-C7C357D5163F}.Release|Any CPU.ActiveCfg = Release|Any CPU
		{7626382A-541D-4D2B-844C-C7C357D5163F}.Release|Any CPU.Build.0 = Release|Any CPU
	EndGlobalSection
	GlobalSection(SolutionProperties) = preSolution
		HideSolutionNode = FALSE
	EndGlobalSection
	GlobalSection(ExtensibilityGlobals) = postSolution
		SolutionGuid = {4C91CCCF-25E5-4461-8732-8780A606B678}
	EndGlobalSection
EndGlobal
